Microsoft Visual Studio Solution File, Format Version 12.00
# Visual Studio Version 17
VisualStudioVersion = 17.5.2.0
MinimumVisualStudioVersion = 10.0.40219.1
Project("{FAE04EC0-301F-11D3-BF4B-00C04F79EFBC}") = "EfCorePostgresDemo", "EfCorePostgresDemo.csproj", "{86FC83A7-F373-DFAC-2134-95D58C3845FF}"
EndProject
Global
	GlobalSection(SolutionConfigurationPlatforms) = preSolution
		Debug|Any CPU = Debug|Any CPU
		Release|Any CPU = Release|Any CPU
	EndGlobalSection
	GlobalSection(ProjectConfigurationPlatforms) = postSolution
		{86FC83A7-F373-DFAC-2134-95D58C3845FF}.Debug|Any CPU.ActiveCfg = Debug|Any CPU
		{86FC83A7-F373-DFAC-2134-95D58C3845FF}.Debug|Any CPU.Build.0 = Debug|Any CPU
		{86FC83A7-F373-DFAC-2134-95D58C3845FF}.Release|Any CPU.ActiveCfg = Release|Any CPU
		{86FC83A7-F373-DFAC-2134-95D58C3845FF}.Release|Any CPU.Build.0 = Release|Any CPU
	EndGlobalSection
	GlobalSection(SolutionProperties) = preSolution
		HideSolutionNode = FALSE
	EndGlobalSection
	GlobalSection(ExtensibilityGlobals) = postSolution
		SolutionGuid = {B928000D-E7AA-43DA-8A84-AF6367E84663}
	EndGlobalSection
EndGlobal
